
Microsoft Visual Studio Solution File, Format Version 12.00
# Visual Studio Version 17
VisualStudioVersion = 17.13.35919.96 d17.13
MinimumVisualStudioVersion = 10.0.40219.1
Project("{FAE04EC0-301F-11D3-BF4B-00C04F79EFBC}") = "Gargoyles", "Gargoyles\Gargoyles.csproj", "{FA624776-3C47-40D3-BFD1-E4706982043C}"
EndProject
Global
	GlobalSection(SolutionConfigurationPlatforms) = preSolution
		Debug|Any CPU = Debug|Any CPU
		Release|Any CPU = Release|Any CPU
	EndGlobalSection
	GlobalSection(ProjectConfigurationPlatforms) = postSolution
		{FA624776-3C47-40D3-BFD1-E4706982043C}.Debug|Any CPU.ActiveCfg = Debug|Any CPU
		{FA624776-3C47-40D3-BFD1-E4706982043C}.Debug|Any CPU.Build.0 = Debug|Any CPU
		{FA624776-3C47-40D3-BFD1-E4706982043C}.Release|Any CPU.ActiveCfg = Release|Any CPU
		{FA624776-3C47-40D3-BFD1-E4706982043C}.Release|Any CPU.Build.0 = Release|Any CPU
	EndGlobalSection
	GlobalSection(SolutionProperties) = preSolution
		HideSolutionNode = FALSE
	EndGlobalSection
	GlobalSection(ExtensibilityGlobals) = postSolution
		SolutionGuid = {6E72A0F5-D23D-4DEA-A7BC-9974988875F8}
	EndGlobalSection
EndGlobal
