
Microsoft Visual Studio Solution File, Format Version 12.00
# Visual Studio Version 17
VisualStudioVersion = 17.13.35919.96 d17.13
MinimumVisualStudioVersion = 10.0.40219.1
Project("{FAE04EC0-301F-11D3-BF4B-00C04F79EFBC}") = "Kuscotopia", "Kuscotopia\Kuscotopia.csproj", "{40AF4F82-4C17-442A-BE25-5AB496B3BA36}"
EndProject
Project("{FAE04EC0-301F-11D3-BF4B-00C04F79EFBC}") = "Worker", "Worker\Worker.csproj", "{F64AFCB0-7E3F-4F96-BB0A-1792C58FBD8C}"
EndProject
Project("{FAE04EC0-301F-11D3-BF4B-00C04F79EFBC}") = "Common", "Common\Common.csproj", "{38E1E1EB-A19C-45F8-A22F-D67F87A0BACB}"
EndProject
Global
	GlobalSection(SolutionConfigurationPlatforms) = preSolution
		Debug|Any CPU = Debug|Any CPU
		Release|Any CPU = Release|Any CPU
	EndGlobalSection
	GlobalSection(ProjectConfigurationPlatforms) = postSolution
		{40AF4F82-4C17-442A-BE25-5AB496B3BA36}.Debug|Any CPU.ActiveCfg = Debug|Any CPU
		{40AF4F82-4C17-442A-BE25-5AB496B3BA36}.Debug|Any CPU.Build.0 = Debug|Any CPU
		{40AF4F82-4C17-442A-BE25-5AB496B3BA36}.Release|Any CPU.ActiveCfg = Release|Any CPU
		{40AF4F82-4C17-442A-BE25-5AB496B3BA36}.Release|Any CPU.Build.0 = Release|Any CPU
		{F64AFCB0-7E3F-4F96-BB0A-1792C58FBD8C}.Debug|Any CPU.ActiveCfg = Debug|Any CPU
		{F64AFCB0-7E3F-4F96-BB0A-1792C58FBD8C}.Debug|Any CPU.Build.0 = Debug|Any CPU
		{F64AFCB0-7E3F-4F96-BB0A-1792C58FBD8C}.Release|Any CPU.ActiveCfg = Release|Any CPU
		{F64AFCB0-7E3F-4F96-BB0A-1792C58FBD8C}.Release|Any CPU.Build.0 = Release|Any CPU
		{38E1E1EB-A19C-45F8-A22F-D67F87A0BACB}.Debug|Any CPU.ActiveCfg = Debug|Any CPU
		{38E1E1EB-A19C-45F8-A22F-D67F87A0BACB}.Debug|Any CPU.Build.0 = Debug|Any CPU
		{38E1E1EB-A19C-45F8-A22F-D67F87A0BACB}.Release|Any CPU.ActiveCfg = Release|Any CPU
		{38E1E1EB-A19C-45F8-A22F-D67F87A0BACB}.Release|Any CPU.Build.0 = Release|Any CPU
	EndGlobalSection
	GlobalSection(SolutionProperties) = preSolution
		HideSolutionNode = FALSE
	EndGlobalSection
	GlobalSection(ExtensibilityGlobals) = postSolution
		SolutionGuid = {7D459FD5-C600-4B78-9FE2-0CF159DFF4B5}
	EndGlobalSection
EndGlobal
